
Microsoft Visual Studio Solution File, Format Version 12.00
# Visual Studio Version 17
VisualStudioVersion = 17.10.35004.147
MinimumVisualStudioVersion = 10.0.40219.1
Project("{FAE04EC0-301F-11D3-BF4B-00C04F79EFBC}") = "plcconnect", "plcconnect\plcconnect.csproj", "{988D66FE-A543-43FA-B9FB-3668AE959DDD}"
EndProject
Global
	GlobalSection(SolutionConfigurationPlatforms) = preSolution
		Debug|Any CPU = Debug|Any CPU
		Release|Any CPU = Release|Any CPU
	EndGlobalSection
	GlobalSection(ProjectConfigurationPlatforms) = postSolution
		{988D66FE-A543-43FA-B9FB-3668AE959DDD}.Debug|Any CPU.ActiveCfg = Debug|Any CPU
		{988D66FE-A543-43FA-B9FB-3668AE959DDD}.Debug|Any CPU.Build.0 = Debug|Any CPU
		{988D66FE-A543-43FA-B9FB-3668AE959DDD}.Release|Any CPU.ActiveCfg = Release|Any CPU
		{988D66FE-A543-43FA-B9FB-3668AE959DDD}.Release|Any CPU.Build.0 = Release|Any CPU
	EndGlobalSection
	GlobalSection(SolutionProperties) = preSolution
		HideSolutionNode = FALSE
	EndGlobalSection
	GlobalSection(ExtensibilityGlobals) = postSolution
		SolutionGuid = {98CB4AE3-18F9-4800-9465-4396D9C1D892}
	EndGlobalSection
EndGlobal
